
Microsoft Visual Studio Solution File, Format Version 12.00
# Visual Studio Version 16
VisualStudioVersion = 16.0.32126.315
MinimumVisualStudioVersion = 10.0.40219.1
Project("{8BC9CEB8-8B4A-11D0-8D11-00A0C91BC942}") = "GDPHYSX Phase 3 - Ogawa Urrutia", "GDPHYSX Phase 3 - Ogawa Urrutia.vcxproj", "{09F9E69D-326B-4E76-9313-7E7901909A3D}"
EndProject
Global
	GlobalSection(SolutionConfigurationPlatforms) = preSolution
		Debug|x64 = Debug|x64
		Debug|x86 = Debug|x86
		Release|x64 = Release|x64
		Release|x86 = Release|x86
	EndGlobalSection
	GlobalSection(ProjectConfigurationPlatforms) = postSolution
		{09F9E69D-326B-4E76-9313-7E7901909A3D}.Debug|x64.ActiveCfg = Debug|x64
		{09F9E69D-326B-4E76-9313-7E7901909A3D}.Debug|x64.Build.0 = Debug|x64
		{09F9E69D-326B-4E76-9313-7E7901909A3D}.Debug|x86.ActiveCfg = Debug|Win32
		{09F9E69D-326B-4E76-9313-7E7901909A3D}.Debug|x86.Build.0 = Debug|Win32
		{09F9E69D-326B-4E76-9313-7E7901909A3D}.Release|x64.ActiveCfg = Release|x64
		{09F9E69D-326B-4E76-9313-7E7901909A3D}.Release|x64.Build.0 = Release|x64
		{09F9E69D-326B-4E76-9313-7E7901909A3D}.Release|x86.ActiveCfg = Release|Win32
		{09F9E69D-326B-4E76-9313-7E7901909A3D}.Release|x86.Build.0 = Release|Win32
	EndGlobalSection
	GlobalSection(SolutionProperties) = preSolution
		HideSolutionNode = FALSE
	EndGlobalSection
	GlobalSection(ExtensibilityGlobals) = postSolution
		SolutionGuid = {648D1355-421E-4557-9B05-7DA2E7ED88F7}
	EndGlobalSection
EndGlobal
